
Microsoft Visual Studio Solution File, Format Version 12.00
# Visual Studio Version 17
VisualStudioVersion = 17.11.35222.181
MinimumVisualStudioVersion = 10.0.40219.1
Project("{FAE04EC0-301F-11D3-BF4B-00C04F79EFBC}") = "Week4Loops", "Week4Loops\Week4Loops.csproj", "{8CC64AB8-90AD-4951-91FB-644768EA073A}"
EndProject
Project("{FAE04EC0-301F-11D3-BF4B-00C04F79EFBC}") = "ForLoopSum", "ForLoopSum\ForLoopSum.csproj", "{0B39A278-A255-4BBB-8279-A82C977DEEF4}"
EndProject
Project("{FAE04EC0-301F-11D3-BF4B-00C04F79EFBC}") = "RandomNumber", "RandomNumber\RandomNumber.csproj", "{603046D6-38B7-4AF8-9DD0-1027F895F61C}"
EndProject
Project("{FAE04EC0-301F-11D3-BF4B-00C04F79EFBC}") = "WhileLoops", "WhileLoops\WhileLoops.csproj", "{6AB011D0-A352-46F7-A118-47EC65045138}"
EndProject
Global
	GlobalSection(SolutionConfigurationPlatforms) = preSolution
		Debug|Any CPU = Debug|Any CPU
		Release|Any CPU = Release|Any CPU
	EndGlobalSection
	GlobalSection(ProjectConfigurationPlatforms) = postSolution
		{8CC64AB8-90AD-4951-91FB-644768EA073A}.Debug|Any CPU.ActiveCfg = Debug|Any CPU
		{8CC64AB8-90AD-4951-91FB-644768EA073A}.Debug|Any CPU.Build.0 = Debug|Any CPU
		{8CC64AB8-90AD-4951-91FB-644768EA073A}.Release|Any CPU.ActiveCfg = Release|Any CPU
		{8CC64AB8-90AD-4951-91FB-644768EA073A}.Release|Any CPU.Build.0 = Release|Any CPU
		{0B39A278-A255-4BBB-8279-A82C977DEEF4}.Debug|Any CPU.ActiveCfg = Debug|Any CPU
		{0B39A278-A255-4BBB-8279-A82C977DEEF4}.Debug|Any CPU.Build.0 = Debug|Any CPU
		{0B39A278-A255-4BBB-8279-A82C977DEEF4}.Release|Any CPU.ActiveCfg = Release|Any CPU
		{0B39A278-A255-4BBB-8279-A82C977DEEF4}.Release|Any CPU.Build.0 = Release|Any CPU
		{603046D6-38B7-4AF8-9DD0-1027F895F61C}.Debug|Any CPU.ActiveCfg = Debug|Any CPU
		{603046D6-38B7-4AF8-9DD0-1027F895F61C}.Debug|Any CPU.Build.0 = Debug|Any CPU
		{603046D6-38B7-4AF8-9DD0-1027F895F61C}.Release|Any CPU.ActiveCfg = Release|Any CPU
		{603046D6-38B7-4AF8-9DD0-1027F895F61C}.Release|Any CPU.Build.0 = Release|Any CPU
		{6AB011D0-A352-46F7-A118-47EC65045138}.Debug|Any CPU.ActiveCfg = Debug|Any CPU
		{6AB011D0-A352-46F7-A118-47EC65045138}.Debug|Any CPU.Build.0 = Debug|Any CPU
		{6AB011D0-A352-46F7-A118-47EC65045138}.Release|Any CPU.ActiveCfg = Release|Any CPU
		{6AB011D0-A352-46F7-A118-47EC65045138}.Release|Any CPU.Build.0 = Release|Any CPU
	EndGlobalSection
	GlobalSection(SolutionProperties) = preSolution
		HideSolutionNode = FALSE
	EndGlobalSection
	GlobalSection(ExtensibilityGlobals) = postSolution
		SolutionGuid = {342B0AE7-01FE-47C8-85DA-429907B6AAE2}
	EndGlobalSection
EndGlobal
